
Microsoft Visual Studio Solution File, Format Version 12.00
# Visual Studio 15
VisualStudioVersion = 15.0.27130.2003
MinimumVisualStudioVersion = 10.0.40219.1
Project("{FAE04EC0-301F-11D3-BF4B-00C04F79EFBC}") = "SimpleCalculator", "SimpleCalculator\SimpleCalculator.csproj", "{2FBA3AB3-B027-4DC5-B95F-BCBC1FD89FB2}"
EndProject
Project("{FAE04EC0-301F-11D3-BF4B-00C04F79EFBC}") = "SimpleUnitCalculator.Test.Unit", "SimpleUnitCalculator.Test.Unit\SimpleUnitCalculator.Test.Unit.csproj", "{9EA1DFE8-FBFD-4EA7-A832-E5484AC9B789}"
EndProject
Global
	GlobalSection(SolutionConfigurationPlatforms) = preSolution
		Debug|Any CPU = Debug|Any CPU
		Release|Any CPU = Release|Any CPU
	EndGlobalSection
	GlobalSection(ProjectConfigurationPlatforms) = postSolution
		{2FBA3AB3-B027-4DC5-B95F-BCBC1FD89FB2}.Debug|Any CPU.ActiveCfg = Debug|Any CPU
		{2FBA3AB3-B027-4DC5-B95F-BCBC1FD89FB2}.Debug|Any CPU.Build.0 = Debug|Any CPU
		{2FBA3AB3-B027-4DC5-B95F-BCBC1FD89FB2}.Release|Any CPU.ActiveCfg = Release|Any CPU
		{2FBA3AB3-B027-4DC5-B95F-BCBC1FD89FB2}.Release|Any CPU.Build.0 = Release|Any CPU
		{9EA1DFE8-FBFD-4EA7-A832-E5484AC9B789}.Debug|Any CPU.ActiveCfg = Debug|Any CPU
		{9EA1DFE8-FBFD-4EA7-A832-E5484AC9B789}.Debug|Any CPU.Build.0 = Debug|Any CPU
		{9EA1DFE8-FBFD-4EA7-A832-E5484AC9B789}.Release|Any CPU.ActiveCfg = Release|Any CPU
		{9EA1DFE8-FBFD-4EA7-A832-E5484AC9B789}.Release|Any CPU.Build.0 = Release|Any CPU
	EndGlobalSection
	GlobalSection(SolutionProperties) = preSolution
		HideSolutionNode = FALSE
	EndGlobalSection
	GlobalSection(ExtensibilityGlobals) = postSolution
		SolutionGuid = {E61558FF-BD74-4309-ACF7-745B02E9CAC0}
	EndGlobalSection
EndGlobal
